
Microsoft Visual Studio Solution File, Format Version 11.00
# Visual Studio 2010
Project("{FAE04EC0-301F-11D3-BF4B-00C04F79EFBC}") = "Assembly-CSharp", "Assembly-CSharp.csproj", "{10ee30b9-0d77-a1ff-671c-ccd40602648c}"
EndProject
Project("{FAE04EC0-301F-11D3-BF4B-00C04F79EFBC}") = "Assembly-CSharp-firstpass", "Assembly-CSharp-firstpass.csproj", "{c9f1702b-aaf7-1039-23b8-822630aa6f8e}"
EndProject
Project("{FAE04EC0-301F-11D3-BF4B-00C04F79EFBC}") = "Assembly-CSharp-Editor-firstpass", "Assembly-CSharp-Editor-firstpass.csproj", "{e635dd4f-49d9-632a-c669-6b13e4b379d7}"
EndProject
Global
	GlobalSection(SolutionConfigurationPlatforms) = preSolution
		Debug|Any CPU = Debug|Any CPU
	EndGlobalSection
	GlobalSection(ProjectConfigurationPlatforms) = postSolution
		{10ee30b9-0d77-a1ff-671c-ccd40602648c}.Debug|Any CPU.ActiveCfg = Debug|Any CPU
		{10ee30b9-0d77-a1ff-671c-ccd40602648c}.Debug|Any CPU.Build.0 = Debug|Any CPU
		{c9f1702b-aaf7-1039-23b8-822630aa6f8e}.Debug|Any CPU.ActiveCfg = Debug|Any CPU
		{c9f1702b-aaf7-1039-23b8-822630aa6f8e}.Debug|Any CPU.Build.0 = Debug|Any CPU
		{e635dd4f-49d9-632a-c669-6b13e4b379d7}.Debug|Any CPU.ActiveCfg = Debug|Any CPU
		{e635dd4f-49d9-632a-c669-6b13e4b379d7}.Debug|Any CPU.Build.0 = Debug|Any CPU
	EndGlobalSection
	GlobalSection(SolutionProperties) = preSolution
		HideSolutionNode = FALSE
	EndGlobalSection
EndGlobal
