
Microsoft Visual Studio Solution File, Format Version 12.00
# Visual Studio 15
Project("{FAE04EC0-301F-11D3-BF4B-00C04F79EFBC}") = "Assembly-CSharp", "Assembly-CSharp.csproj", "{B930EE10-770D-FFA1-671C-CCD40602648C}"
EndProject
Project("{FAE04EC0-301F-11D3-BF4B-00C04F79EFBC}") = "Assembly-CSharp-firstpass", "Assembly-CSharp-firstpass.csproj", "{2B70F1C9-F7AA-3910-23B8-822630AA6F8E}"
EndProject
Project("{FAE04EC0-301F-11D3-BF4B-00C04F79EFBC}") = "Assembly-CSharp-Editor-firstpass", "Assembly-CSharp-Editor-firstpass.csproj", "{4FDD35E6-D949-2A63-C669-6B13E4B379D7}"
EndProject
Global
	GlobalSection(SolutionConfigurationPlatforms) = preSolution
		Debug|Any CPU = Debug|Any CPU
		Release|Any CPU = Release|Any CPU
	EndGlobalSection
	GlobalSection(ProjectConfigurationPlatforms) = postSolution
		{B930EE10-770D-FFA1-671C-CCD40602648C}.Debug|Any CPU.ActiveCfg = Debug|Any CPU
		{B930EE10-770D-FFA1-671C-CCD40602648C}.Debug|Any CPU.Build.0 = Debug|Any CPU
		{B930EE10-770D-FFA1-671C-CCD40602648C}.Release|Any CPU.ActiveCfg = Release|Any CPU
		{B930EE10-770D-FFA1-671C-CCD40602648C}.Release|Any CPU.Build.0 = Release|Any CPU
		{2B70F1C9-F7AA-3910-23B8-822630AA6F8E}.Debug|Any CPU.ActiveCfg = Debug|Any CPU
		{2B70F1C9-F7AA-3910-23B8-822630AA6F8E}.Debug|Any CPU.Build.0 = Debug|Any CPU
		{2B70F1C9-F7AA-3910-23B8-822630AA6F8E}.Release|Any CPU.ActiveCfg = Release|Any CPU
		{2B70F1C9-F7AA-3910-23B8-822630AA6F8E}.Release|Any CPU.Build.0 = Release|Any CPU
		{4FDD35E6-D949-2A63-C669-6B13E4B379D7}.Debug|Any CPU.ActiveCfg = Debug|Any CPU
		{4FDD35E6-D949-2A63-C669-6B13E4B379D7}.Debug|Any CPU.Build.0 = Debug|Any CPU
		{4FDD35E6-D949-2A63-C669-6B13E4B379D7}.Release|Any CPU.ActiveCfg = Release|Any CPU
		{4FDD35E6-D949-2A63-C669-6B13E4B379D7}.Release|Any CPU.Build.0 = Release|Any CPU
	EndGlobalSection
	GlobalSection(SolutionProperties) = preSolution
		HideSolutionNode = FALSE
	EndGlobalSection
EndGlobal
